
Microsoft Visual Studio Solution File, Format Version 12.00
# Visual Studio Version 17
VisualStudioVersion = 17.1.32328.378
MinimumVisualStudioVersion = 10.0.40219.1
Project("{FAE04EC0-301F-11D3-BF4B-00C04F79EFBC}") = "SoftwareCalculadra", "SoftwareCalculadra\SoftwareCalculadra.csproj", "{094E1D6E-6E30-4406-831F-A528CDBA9007}"
EndProject
Global
	GlobalSection(SolutionConfigurationPlatforms) = preSolution
		Debug|Any CPU = Debug|Any CPU
		Release|Any CPU = Release|Any CPU
	EndGlobalSection
	GlobalSection(ProjectConfigurationPlatforms) = postSolution
		{094E1D6E-6E30-4406-831F-A528CDBA9007}.Debug|Any CPU.ActiveCfg = Debug|Any CPU
		{094E1D6E-6E30-4406-831F-A528CDBA9007}.Debug|Any CPU.Build.0 = Debug|Any CPU
		{094E1D6E-6E30-4406-831F-A528CDBA9007}.Release|Any CPU.ActiveCfg = Release|Any CPU
		{094E1D6E-6E30-4406-831F-A528CDBA9007}.Release|Any CPU.Build.0 = Release|Any CPU
	EndGlobalSection
	GlobalSection(SolutionProperties) = preSolution
		HideSolutionNode = FALSE
	EndGlobalSection
	GlobalSection(ExtensibilityGlobals) = postSolution
		SolutionGuid = {B174487F-6B0D-4A6F-8C2E-FDB3AB4822FD}
	EndGlobalSection
EndGlobal
